
Microsoft Visual Studio Solution File, Format Version 12.00
# Visual Studio Version 16
VisualStudioVersion = 16.0.30907.101
MinimumVisualStudioVersion = 10.0.40219.1
Project("{FAE04EC0-301F-11D3-BF4B-00C04F79EFBC}") = "first", "first\first.csproj", "{965573B4-06B0-4253-9283-9C0A68AE45CE}"
EndProject
Global
	GlobalSection(SolutionConfigurationPlatforms) = preSolution
		Debug|Any CPU = Debug|Any CPU
		Release|Any CPU = Release|Any CPU
	EndGlobalSection
	GlobalSection(ProjectConfigurationPlatforms) = postSolution
		{965573B4-06B0-4253-9283-9C0A68AE45CE}.Debug|Any CPU.ActiveCfg = Debug|Any CPU
		{965573B4-06B0-4253-9283-9C0A68AE45CE}.Debug|Any CPU.Build.0 = Debug|Any CPU
		{965573B4-06B0-4253-9283-9C0A68AE45CE}.Release|Any CPU.ActiveCfg = Release|Any CPU
		{965573B4-06B0-4253-9283-9C0A68AE45CE}.Release|Any CPU.Build.0 = Release|Any CPU
	EndGlobalSection
	GlobalSection(SolutionProperties) = preSolution
		HideSolutionNode = FALSE
	EndGlobalSection
	GlobalSection(ExtensibilityGlobals) = postSolution
		SolutionGuid = {BC21E14A-C229-44A1-85DC-AEB4E6D2B510}
	EndGlobalSection
EndGlobal
